
Microsoft Visual Studio Solution File, Format Version 12.00
# Visual Studio Version 17
VisualStudioVersion = 17.2.32526.322
MinimumVisualStudioVersion = 10.0.40219.1
Project("{FAE04EC0-301F-11D3-BF4B-00C04F79EFBC}") = "BE_07.ConsoleApp", "BE_07.ConsoleApp\BE_07.ConsoleApp.csproj", "{6379B71A-6394-46FD-B549-2AA3FC0CF230}"
EndProject
Project("{FAE04EC0-301F-11D3-BF4B-00C04F79EFBC}") = "BE072024.Common_NetFrameWork", "BE072024.Common\BE072024.Common_NetFrameWork.csproj", "{390F2D5E-3F71-4ECB-BF54-574526383B59}"
EndProject
Project("{FAE04EC0-301F-11D3-BF4B-00C04F79EFBC}") = "BE072024.DataAcceess_NetFrameWork", "BE072024.DataAcceess_NetFrameWork\BE072024.DataAcceess_NetFrameWork.csproj", "{79A5F70F-3AF8-4DDF-B3E6-7E22192D9040}"
EndProject
Project("{9A19103F-16F7-4668-BE54-9A1E7A4F7556}") = "DataAccess.NetCore", "DataAccess.NetCore\DataAccess.NetCore.csproj", "{E316A391-7DC0-4A1A-98CE-A0F3DE5327FA}"
EndProject
Project("{9A19103F-16F7-4668-BE54-9A1E7A4F7556}") = "BE_072024.NetCoreAPI", "BE_072024.NetCoreAPI\BE_072024.NetCoreAPI.csproj", "{B1905474-E7FB-4B71-8FA0-CA676FDB9A28}"
EndProject
Project("{9A19103F-16F7-4668-BE54-9A1E7A4F7556}") = "BE_072024.WebAspNetCoreMVC", "BE_072024.WebAspNetCoreMVC\BE_072024.WebAspNetCoreMVC.csproj", "{7F01337B-F671-4C4C-B31D-BF3232AEA02F}"
EndProject
Project("{FAE04EC0-301F-11D3-BF4B-00C04F79EFBC}") = "BE_072024.Netcore.Common", "BE_072024.Netcore.Common\BE_072024.Netcore.Common.csproj", "{A5950CB6-BE84-496A-9DFD-1BE2290AA7EF}"
EndProject
Global
	GlobalSection(SolutionConfigurationPlatforms) = preSolution
		Debug|Any CPU = Debug|Any CPU
		Release|Any CPU = Release|Any CPU
	EndGlobalSection
	GlobalSection(ProjectConfigurationPlatforms) = postSolution
		{6379B71A-6394-46FD-B549-2AA3FC0CF230}.Debug|Any CPU.ActiveCfg = Debug|Any CPU
		{6379B71A-6394-46FD-B549-2AA3FC0CF230}.Debug|Any CPU.Build.0 = Debug|Any CPU
		{6379B71A-6394-46FD-B549-2AA3FC0CF230}.Release|Any CPU.ActiveCfg = Release|Any CPU
		{6379B71A-6394-46FD-B549-2AA3FC0CF230}.Release|Any CPU.Build.0 = Release|Any CPU
		{390F2D5E-3F71-4ECB-BF54-574526383B59}.Debug|Any CPU.ActiveCfg = Debug|Any CPU
		{390F2D5E-3F71-4ECB-BF54-574526383B59}.Debug|Any CPU.Build.0 = Debug|Any CPU
		{390F2D5E-3F71-4ECB-BF54-574526383B59}.Release|Any CPU.ActiveCfg = Release|Any CPU
		{390F2D5E-3F71-4ECB-BF54-574526383B59}.Release|Any CPU.Build.0 = Release|Any CPU
		{79A5F70F-3AF8-4DDF-B3E6-7E22192D9040}.Debug|Any CPU.ActiveCfg = Debug|Any CPU
		{79A5F70F-3AF8-4DDF-B3E6-7E22192D9040}.Debug|Any CPU.Build.0 = Debug|Any CPU
		{79A5F70F-3AF8-4DDF-B3E6-7E22192D9040}.Release|Any CPU.ActiveCfg = Release|Any CPU
		{79A5F70F-3AF8-4DDF-B3E6-7E22192D9040}.Release|Any CPU.Build.0 = Release|Any CPU
		{E316A391-7DC0-4A1A-98CE-A0F3DE5327FA}.Debug|Any CPU.ActiveCfg = Debug|Any CPU
		{E316A391-7DC0-4A1A-98CE-A0F3DE5327FA}.Debug|Any CPU.Build.0 = Debug|Any CPU
		{E316A391-7DC0-4A1A-98CE-A0F3DE5327FA}.Release|Any CPU.ActiveCfg = Release|Any CPU
		{E316A391-7DC0-4A1A-98CE-A0F3DE5327FA}.Release|Any CPU.Build.0 = Release|Any CPU
		{B1905474-E7FB-4B71-8FA0-CA676FDB9A28}.Debug|Any CPU.ActiveCfg = Debug|Any CPU
		{B1905474-E7FB-4B71-8FA0-CA676FDB9A28}.Debug|Any CPU.Build.0 = Debug|Any CPU
		{B1905474-E7FB-4B71-8FA0-CA676FDB9A28}.Release|Any CPU.ActiveCfg = Release|Any CPU
		{B1905474-E7FB-4B71-8FA0-CA676FDB9A28}.Release|Any CPU.Build.0 = Release|Any CPU
		{7F01337B-F671-4C4C-B31D-BF3232AEA02F}.Debug|Any CPU.ActiveCfg = Debug|Any CPU
		{7F01337B-F671-4C4C-B31D-BF3232AEA02F}.Debug|Any CPU.Build.0 = Debug|Any CPU
		{7F01337B-F671-4C4C-B31D-BF3232AEA02F}.Release|Any CPU.ActiveCfg = Release|Any CPU
		{7F01337B-F671-4C4C-B31D-BF3232AEA02F}.Release|Any CPU.Build.0 = Release|Any CPU
		{A5950CB6-BE84-496A-9DFD-1BE2290AA7EF}.Debug|Any CPU.ActiveCfg = Debug|Any CPU
		{A5950CB6-BE84-496A-9DFD-1BE2290AA7EF}.Debug|Any CPU.Build.0 = Debug|Any CPU
		{A5950CB6-BE84-496A-9DFD-1BE2290AA7EF}.Release|Any CPU.ActiveCfg = Release|Any CPU
		{A5950CB6-BE84-496A-9DFD-1BE2290AA7EF}.Release|Any CPU.Build.0 = Release|Any CPU
	EndGlobalSection
	GlobalSection(SolutionProperties) = preSolution
		HideSolutionNode = FALSE
	EndGlobalSection
	GlobalSection(ExtensibilityGlobals) = postSolution
		SolutionGuid = {9060143F-4159-4714-9935-057D984DABF5}
	EndGlobalSection
EndGlobal
